
Microsoft Visual Studio Solution File, Format Version 12.00
# Visual Studio Version 16
VisualStudioVersion = 16.0.31313.79
MinimumVisualStudioVersion = 10.0.40219.1
Project("{FAE04EC0-301F-11D3-BF4B-00C04F79EFBC}") = "WebTienMinh", "WebTienMinh\WebTienMinh.csproj", "{D58BE52F-27F7-45FA-9C1B-23999B7B6D75}"
EndProject
Project("{FAE04EC0-301F-11D3-BF4B-00C04F79EFBC}") = "MTDataConnection", "DataConnection\MTDataConnection.csproj", "{65EE4CD6-97ED-475C-ACA7-47690103EE96}"
EndProject
Global
	GlobalSection(SolutionConfigurationPlatforms) = preSolution
		Debug|Any CPU = Debug|Any CPU
		Release|Any CPU = Release|Any CPU
	EndGlobalSection
	GlobalSection(ProjectConfigurationPlatforms) = postSolution
		{D58BE52F-27F7-45FA-9C1B-23999B7B6D75}.Debug|Any CPU.ActiveCfg = Debug|Any CPU
		{D58BE52F-27F7-45FA-9C1B-23999B7B6D75}.Debug|Any CPU.Build.0 = Debug|Any CPU
		{D58BE52F-27F7-45FA-9C1B-23999B7B6D75}.Release|Any CPU.ActiveCfg = Release|Any CPU
		{D58BE52F-27F7-45FA-9C1B-23999B7B6D75}.Release|Any CPU.Build.0 = Release|Any CPU
		{65EE4CD6-97ED-475C-ACA7-47690103EE96}.Debug|Any CPU.ActiveCfg = Debug|Any CPU
		{65EE4CD6-97ED-475C-ACA7-47690103EE96}.Debug|Any CPU.Build.0 = Debug|Any CPU
		{65EE4CD6-97ED-475C-ACA7-47690103EE96}.Release|Any CPU.ActiveCfg = Release|Any CPU
		{65EE4CD6-97ED-475C-ACA7-47690103EE96}.Release|Any CPU.Build.0 = Release|Any CPU
	EndGlobalSection
	GlobalSection(SolutionProperties) = preSolution
		HideSolutionNode = FALSE
	EndGlobalSection
	GlobalSection(ExtensibilityGlobals) = postSolution
		SolutionGuid = {C3CDCDC8-7B41-4DAA-A17D-EA28E383FD40}
	EndGlobalSection
EndGlobal
